speakeasyVersion: 1.722.7
sources:
    my-source:
        sourceNamespace: my-source
        sourceRevisionDigest: sha256:ca8230b8086ff11629dab8c3714c31be94182f4c71876044f7b32d9e848f8abc
        sourceBlobDigest: sha256:096bb5fa9b8ca8bc8241cbd75897d48b2b51c12d9075a7a64716e33d564f4a50
        tags:
            - latest
            - speakeasy-sdk-regen-1771547886
            - "1.0"
targets:
    go-terget:
        source: my-source
        sourceNamespace: my-source
        sourceRevisionDigest: sha256:ca8230b8086ff11629dab8c3714c31be94182f4c71876044f7b32d9e848f8abc
        sourceBlobDigest: sha256:096bb5fa9b8ca8bc8241cbd75897d48b2b51c12d9075a7a64716e33d564f4a50
        codeSamplesNamespace: my-source-go-code-samples
        codeSamplesRevisionDigest: sha256:b33c95e2abbbaac817e5ebf54d42859b9fccebdc554c9dfd60ae2a2a2cf627e1
workflow:
    workflowVersion: 1.0.0
    speakeasyVersion: latest
    sources:
        my-source:
            inputs:
                - location: https://api.unified.to/openapi.json
            registry:
                location: registry.speakeasyapi.dev/unified/unified/my-source
    targets:
        go-terget:
            target: go
            source: my-source
            codeSamples:
                registry:
                    location: registry.speakeasyapi.dev/unified/unified/my-source-go-code-samples
                blocking: false
