speakeasyVersion: 1.531.2
sources:
    my-source:
        sourceNamespace: my-source
        sourceRevisionDigest: sha256:3670eead93845a515465c529cf92de5b081feb1a8747f341ec5d67907ad17c06
        sourceBlobDigest: sha256:da8587e559178aea24ffe91c4c987f2b78b56a8e21a8e0bc2ec157139e3283d0
        tags:
            - latest
            - speakeasy-sdk-regen-1744306871
            - "1.0"
targets:
    go-terget:
        source: my-source
        sourceNamespace: my-source
        sourceRevisionDigest: sha256:3670eead93845a515465c529cf92de5b081feb1a8747f341ec5d67907ad17c06
        sourceBlobDigest: sha256:da8587e559178aea24ffe91c4c987f2b78b56a8e21a8e0bc2ec157139e3283d0
        codeSamplesNamespace: my-source-go-code-samples
        codeSamplesRevisionDigest: sha256:17fef72b6d2b0811271319ba49cb8d071ad5155f166cc9341ba6c936ff37bc7a
workflow:
    workflowVersion: 1.0.0
    speakeasyVersion: latest
    sources:
        my-source:
            inputs:
                - location: https://api.unified.to/openapi.json
                  authSecret: $openapi_doc_auth_token
            registry:
                location: registry.speakeasyapi.dev/unified/unified/my-source
    targets:
        go-terget:
            target: go
            source: my-source
            codeSamples:
                registry:
                    location: registry.speakeasyapi.dev/unified/unified/my-source-go-code-samples
                blocking: false
