speakeasyVersion: 1.734.1
sources:
    my-source:
        sourceNamespace: my-source
        sourceRevisionDigest: sha256:22a519bc1a1dab59b4b366993bde7b9914af16bbac033e5550629a26c93e0f8d
        sourceBlobDigest: sha256:c0b851071b125e7b2de60607b217114bd43fd8d97a5b5a421486b8481501e1a5
        tags:
            - latest
            - speakeasy-sdk-regen-1772238907
            - "1.0"
targets:
    go-terget:
        source: my-source
        sourceNamespace: my-source
        sourceRevisionDigest: sha256:22a519bc1a1dab59b4b366993bde7b9914af16bbac033e5550629a26c93e0f8d
        sourceBlobDigest: sha256:c0b851071b125e7b2de60607b217114bd43fd8d97a5b5a421486b8481501e1a5
        codeSamplesNamespace: my-source-go-code-samples
        codeSamplesRevisionDigest: sha256:12e5e80ce01b087ef3a2efdf2ff13507ce354a7fa63ffdb97fd294ff317d15e7
workflow:
    workflowVersion: 1.0.0
    speakeasyVersion: latest
    sources:
        my-source:
            inputs:
                - location: https://api.unified.to/openapi.json
            registry:
                location: registry.speakeasyapi.dev/unified/unified/my-source
    targets:
        go-terget:
            target: go
            source: my-source
            codeSamples:
                registry:
                    location: registry.speakeasyapi.dev/unified/unified/my-source-go-code-samples
                blocking: false
